
Microsoft Visual Studio Solution File, Format Version 12.00
# Visual Studio Version 17
VisualStudioVersion = 17.11.35312.102
MinimumVisualStudioVersion = 10.0.40219.1
Project("{FAE04EC0-301F-11D3-BF4B-00C04F79EFBC}") = "API", "API\API.csproj", "{165B3CDC-C73D-4B29-B268-FAD6909B1E7A}"
EndProject
Project("{FAE04EC0-301F-11D3-BF4B-00C04F79EFBC}") = "DLL", "DAL\DLL.csproj", "{8B2DFFA9-A40F-495B-BBFB-095BDD2F16A0}"
EndProject
Project("{FAE04EC0-301F-11D3-BF4B-00C04F79EFBC}") = "BLL", "BLL\BLL.csproj", "{5038E25B-94BC-485D-B7AA-647615BA5D1F}"
EndProject
Global
	GlobalSection(SolutionConfigurationPlatforms) = preSolution
		Debug|Any CPU = Debug|Any CPU
		Release|Any CPU = Release|Any CPU
	EndGlobalSection
	GlobalSection(ProjectConfigurationPlatforms) = postSolution
		{165B3CDC-C73D-4B29-B268-FAD6909B1E7A}.Debug|Any CPU.ActiveCfg = Debug|Any CPU
		{165B3CDC-C73D-4B29-B268-FAD6909B1E7A}.Debug|Any CPU.Build.0 = Debug|Any CPU
		{165B3CDC-C73D-4B29-B268-FAD6909B1E7A}.Release|Any CPU.ActiveCfg = Release|Any CPU
		{165B3CDC-C73D-4B29-B268-FAD6909B1E7A}.Release|Any CPU.Build.0 = Release|Any CPU
		{8B2DFFA9-A40F-495B-BBFB-095BDD2F16A0}.Debug|Any CPU.ActiveCfg = Debug|Any CPU
		{8B2DFFA9-A40F-495B-BBFB-095BDD2F16A0}.Debug|Any CPU.Build.0 = Debug|Any CPU
		{8B2DFFA9-A40F-495B-BBFB-095BDD2F16A0}.Release|Any CPU.ActiveCfg = Release|Any CPU
		{8B2DFFA9-A40F-495B-BBFB-095BDD2F16A0}.Release|Any CPU.Build.0 = Release|Any CPU
		{5038E25B-94BC-485D-B7AA-647615BA5D1F}.Debug|Any CPU.ActiveCfg = Debug|Any CPU
		{5038E25B-94BC-485D-B7AA-647615BA5D1F}.Debug|Any CPU.Build.0 = Debug|Any CPU
		{5038E25B-94BC-485D-B7AA-647615BA5D1F}.Release|Any CPU.ActiveCfg = Release|Any CPU
		{5038E25B-94BC-485D-B7AA-647615BA5D1F}.Release|Any CPU.Build.0 = Release|Any CPU
	EndGlobalSection
	GlobalSection(SolutionProperties) = preSolution
		HideSolutionNode = FALSE
	EndGlobalSection
	GlobalSection(ExtensibilityGlobals) = postSolution
		SolutionGuid = {30E67C43-CE57-4E15-8E4D-384C6FCE145A}
	EndGlobalSection
EndGlobal
